
Microsoft Visual Studio Solution File, Format Version 12.00
# Visual Studio Version 17
VisualStudioVersion = 17.8.34525.116
MinimumVisualStudioVersion = 10.0.40219.1
Project("{FAE04EC0-301F-11D3-BF4B-00C04F79EFBC}") = "CChavezP5", "CChavezP5\CChavezP5.csproj", "{33310A0D-E591-4C47-A6D2-569BF5C3CF4E}"
EndProject
Global
	GlobalSection(SolutionConfigurationPlatforms) = preSolution
		Debug|Any CPU = Debug|Any CPU
		Release|Any CPU = Release|Any CPU
	EndGlobalSection
	GlobalSection(ProjectConfigurationPlatforms) = postSolution
		{33310A0D-E591-4C47-A6D2-569BF5C3CF4E}.Debug|Any CPU.ActiveCfg = Debug|Any CPU
		{33310A0D-E591-4C47-A6D2-569BF5C3CF4E}.Debug|Any CPU.Build.0 = Debug|Any CPU
		{33310A0D-E591-4C47-A6D2-569BF5C3CF4E}.Release|Any CPU.ActiveCfg = Release|Any CPU
		{33310A0D-E591-4C47-A6D2-569BF5C3CF4E}.Release|Any CPU.Build.0 = Release|Any CPU
	EndGlobalSection
	GlobalSection(SolutionProperties) = preSolution
		HideSolutionNode = FALSE
	EndGlobalSection
	GlobalSection(ExtensibilityGlobals) = postSolution
		SolutionGuid = {3B3E3C5F-73AB-429E-A28C-0F0C2622AAA7}
	EndGlobalSection
EndGlobal
